{
  "pins" : [
    {
      "identity" : "opencv-swift",
      "kind" : "remoteSourceControl",
      "location" : "https://github.com/Rightpoint/opencv-swift",
      "state" : {
        "branch" : "main",
        "revision" : "d2346a6e1085e3d4c2baef24a852f93b26df94fd"
      }
    },
    {
      "identity" : "snapkit",
      "kind" : "remoteSourceControl",
      "location" : "https://github.com/SnapKit/SnapKit.git",
      "state" : {
        "revision" : "f222cbdf325885926566172f6f5f06af95473158",
        "version" : "5.6.0"
      }
    }
  ],
  "version" : 2
}
