PODS:
  - SnapKit (5.6.0)
  - SwiftLint (0.54.0)

DEPENDENCIES:
  - SnapKit (= 5.6.0)
  - SwiftLint (= 0.54.0)

SPEC REPOS:
  trunk:
    - SnapKit
    - SwiftLint

SPEC CHECKSUMS:
  SnapKit: e01d52ebb8ddbc333eefe2132acf85c8227d9c25
  SwiftLint: c1de071d9d08c8aba837545f6254315bc900e211

PODFILE CHECKSUM: 8556a8b1cb07776c90a9fd368a4bb6145b69f3f9

COCOAPODS: 1.12.1
